
Microsoft Visual Studio Solution File, Format Version 12.00
Project("{FAE04EC0-301F-11D3-BF4B-00C04F79EFBC}") = "Condemned", "Condemned.csproj", "{EE850DDD-8F23-489F-A1B4-D763F9F0DAB5}"
EndProject
Global
	GlobalSection(SolutionConfigurationPlatforms) = preSolution
		Debug|Any CPU = Debug|Any CPU
		ExportDebug|Any CPU = ExportDebug|Any CPU
		ExportRelease|Any CPU = ExportRelease|Any CPU
	EndGlobalSection
	GlobalSection(ProjectConfigurationPlatforms) = postSolution
		{EE850DDD-8F23-489F-A1B4-D763F9F0DAB5}.Debug|Any CPU.ActiveCfg = Debug|Any CPU
		{EE850DDD-8F23-489F-A1B4-D763F9F0DAB5}.Debug|Any CPU.Build.0 = Debug|Any CPU
		{EE850DDD-8F23-489F-A1B4-D763F9F0DAB5}.ExportDebug|Any CPU.ActiveCfg = ExportDebug|Any CPU
		{EE850DDD-8F23-489F-A1B4-D763F9F0DAB5}.ExportDebug|Any CPU.Build.0 = ExportDebug|Any CPU
		{EE850DDD-8F23-489F-A1B4-D763F9F0DAB5}.ExportRelease|Any CPU.ActiveCfg = ExportRelease|Any CPU
		{EE850DDD-8F23-489F-A1B4-D763F9F0DAB5}.ExportRelease|Any CPU.Build.0 = ExportRelease|Any CPU
	EndGlobalSection
EndGlobal
